PODS:
  - file_picker (0.0.1):
    - Flutter
  - Flutter (1.0.0)
  - zsdk (0.0.2):
    - Flutter

DEPENDENCIES:
  - file_picker (from `.symlinks/plugins/file_picker/ios`)
  - Flutter (from `Flutter`)
  - zsdk (from `.symlinks/plugins/zsdk/ios`)

EXTERNAL SOURCES:
  file_picker:
    :path: ".symlinks/plugins/file_picker/ios"
  Flutter:
    :path: Flutter
  zsdk:
    :path: ".symlinks/plugins/zsdk/ios"

SPEC CHECKSUMS:
  file_picker: 408623be2125b79a4539cf703be3d4b3abe5e245
  Flutter: 50d75fe2f02b26cc09d224853bb45737f8b3214a
  zsdk: bc7357b6397172579eb98e95dfdfd2d53f9f98ee

PODFILE CHECKSUM: fe0e1ee7f3d1f7d00b11b474b62dd62134535aea

COCOAPODS: 1.11.3
